
Microsoft Visual Studio Solution File, Format Version 12.00
# Visual Studio Version 17
VisualStudioVersion = 17.13.35825.156 d17.13
MinimumVisualStudioVersion = 10.0.40219.1
Project("{FAE04EC0-301F-11D3-BF4B-00C04F79EFBC}") = "saper", "saper\saper.csproj", "{85C1A0D2-7288-41C0-B54C-5B0944938E3C}"
EndProject
Global
	GlobalSection(SolutionConfigurationPlatforms) = preSolution
		Debug|Any CPU = Debug|Any CPU
		Release|Any CPU = Release|Any CPU
	EndGlobalSection
	GlobalSection(ProjectConfigurationPlatforms) = postSolution
		{85C1A0D2-7288-41C0-B54C-5B0944938E3C}.Debug|Any CPU.ActiveCfg = Debug|Any CPU
		{85C1A0D2-7288-41C0-B54C-5B0944938E3C}.Debug|Any CPU.Build.0 = Debug|Any CPU
		{85C1A0D2-7288-41C0-B54C-5B0944938E3C}.Release|Any CPU.ActiveCfg = Release|Any CPU
		{85C1A0D2-7288-41C0-B54C-5B0944938E3C}.Release|Any CPU.Build.0 = Release|Any CPU
	EndGlobalSection
	GlobalSection(SolutionProperties) = preSolution
		HideSolutionNode = FALSE
	EndGlobalSection
	GlobalSection(ExtensibilityGlobals) = postSolution
		SolutionGuid = {A162DF73-BD5F-4CFF-8A5B-578D6EDC09E6}
	EndGlobalSection
EndGlobal
